{
  "name": "nezparser",
  "version": "1.0.0",
  "lockfileVersion": 1,
  "requires": true,
  "dependencies": {
    "nezbold": {
      "version": "1.0.0",
      "resolved": "https://registry.npmjs.org/nezbold/-/nezbold-1.0.0.tgz",
      "integrity": "sha512-UBneMNxK/VTj4ViwigQ4aonRpf7cyQwNk+pxj9PKDFDugY7SUw5Tc0miYCrNWTexCNNQoqLC1WeHq8BPDrQs2Q=="
    }
  }
}
